
Microsoft Visual Studio Solution File, Format Version 12.00
# Visual Studio Version 17
VisualStudioVersion = 17.11.35327.3
MinimumVisualStudioVersion = 10.0.40219.1
Project("{FAE04EC0-301F-11D3-BF4B-00C04F79EFBC}") = "DrawingForm", "DoAnPaint\DrawingForm.csproj", "{A793DB4D-CCF3-4770-B850-4508D6E540EE}"
EndProject
Project("{888888A0-9F3D-457C-B088-3A5042F75D52}") = "FlaskAPI", "FlaskAPI\FlaskAPI.pyproj", "{4DC858F1-6A0C-498F-AE40-A46C07A0C03A}"
EndProject
Project("{FAE04EC0-301F-11D3-BF4B-00C04F79EFBC}") = "Server1", "SignalRServer\Server1.csproj", "{4768038E-C951-4DDA-84B0-CB2BCBD9DF8F}"
EndProject
Project("{FAE04EC0-301F-11D3-BF4B-00C04F79EFBC}") = "CoreApp", "CoreApp\CoreApp.csproj", "{58130AE4-34C2-4194-AD0A-7C6ED18B35AB}"
	ProjectSection(ProjectDependencies) = postProject
		{A793DB4D-CCF3-4770-B850-4508D6E540EE} = {A793DB4D-CCF3-4770-B850-4508D6E540EE}
	EndProjectSection
EndProject
Project("{FAE04EC0-301F-11D3-BF4B-00C04F79EFBC}") = "Server2", "LoadBalancing\SignalRServer\Server2.csproj", "{1ACDB2A7-54B4-47BA-883B-2C38E8DAD01F}"
EndProject
Project("{FAE04EC0-301F-11D3-BF4B-00C04F79EFBC}") = "Load Balancer", "Load Balancer\Load Balancer.csproj", "{6EA9EE37-A786-4F95-90CB-A7FFA79C3C5D}"
EndProject
Global
	GlobalSection(SolutionConfigurationPlatforms) = preSolution
		Debug|Any CPU = Debug|Any CPU
		Release|Any CPU = Release|Any CPU
	EndGlobalSection
	GlobalSection(ProjectConfigurationPlatforms) = postSolution
		{A793DB4D-CCF3-4770-B850-4508D6E540EE}.Debug|Any CPU.ActiveCfg = Debug|Any CPU
		{A793DB4D-CCF3-4770-B850-4508D6E540EE}.Debug|Any CPU.Build.0 = Debug|Any CPU
		{A793DB4D-CCF3-4770-B850-4508D6E540EE}.Release|Any CPU.ActiveCfg = Release|Any CPU
		{A793DB4D-CCF3-4770-B850-4508D6E540EE}.Release|Any CPU.Build.0 = Release|Any CPU
		{4DC858F1-6A0C-498F-AE40-A46C07A0C03A}.Debug|Any CPU.ActiveCfg = Debug|Any CPU
		{4DC858F1-6A0C-498F-AE40-A46C07A0C03A}.Release|Any CPU.ActiveCfg = Release|Any CPU
		{4768038E-C951-4DDA-84B0-CB2BCBD9DF8F}.Debug|Any CPU.ActiveCfg = Debug|Any CPU
		{4768038E-C951-4DDA-84B0-CB2BCBD9DF8F}.Debug|Any CPU.Build.0 = Debug|Any CPU
		{4768038E-C951-4DDA-84B0-CB2BCBD9DF8F}.Release|Any CPU.ActiveCfg = Release|Any CPU
		{4768038E-C951-4DDA-84B0-CB2BCBD9DF8F}.Release|Any CPU.Build.0 = Release|Any CPU
		{58130AE4-34C2-4194-AD0A-7C6ED18B35AB}.Debug|Any CPU.ActiveCfg = Debug|Any CPU
		{58130AE4-34C2-4194-AD0A-7C6ED18B35AB}.Debug|Any CPU.Build.0 = Debug|Any CPU
		{58130AE4-34C2-4194-AD0A-7C6ED18B35AB}.Release|Any CPU.ActiveCfg = Release|Any CPU
		{58130AE4-34C2-4194-AD0A-7C6ED18B35AB}.Release|Any CPU.Build.0 = Release|Any CPU
		{1ACDB2A7-54B4-47BA-883B-2C38E8DAD01F}.Debug|Any CPU.ActiveCfg = Debug|Any CPU
		{1ACDB2A7-54B4-47BA-883B-2C38E8DAD01F}.Debug|Any CPU.Build.0 = Debug|Any CPU
		{1ACDB2A7-54B4-47BA-883B-2C38E8DAD01F}.Release|Any CPU.ActiveCfg = Release|Any CPU
		{1ACDB2A7-54B4-47BA-883B-2C38E8DAD01F}.Release|Any CPU.Build.0 = Release|Any CPU
		{6EA9EE37-A786-4F95-90CB-A7FFA79C3C5D}.Debug|Any CPU.ActiveCfg = Debug|Any CPU
		{6EA9EE37-A786-4F95-90CB-A7FFA79C3C5D}.Debug|Any CPU.Build.0 = Debug|Any CPU
		{6EA9EE37-A786-4F95-90CB-A7FFA79C3C5D}.Release|Any CPU.ActiveCfg = Release|Any CPU
		{6EA9EE37-A786-4F95-90CB-A7FFA79C3C5D}.Release|Any CPU.Build.0 = Release|Any CPU
	EndGlobalSection
	GlobalSection(SolutionProperties) = preSolution
		HideSolutionNode = FALSE
	EndGlobalSection
	GlobalSection(ExtensibilityGlobals) = postSolution
		SolutionGuid = {2E5FC38A-006D-4213-ADF6-17C92F79F952}
	EndGlobalSection
EndGlobal
